
Microsoft Visual Studio Solution File, Format Version 12.00
# Visual Studio Version 17
VisualStudioVersion = 17.11.35312.102
MinimumVisualStudioVersion = 10.0.40219.1
Project("{FAE04EC0-301F-11D3-BF4B-00C04F79EFBC}") = "ChatClient", "ChatClient\ChatClient.csproj", "{BAFB69B4-757C-4DC3-A105-76FC06C2E86A}"
EndProject
Global
	GlobalSection(SolutionConfigurationPlatforms) = preSolution
		Debug|Any CPU = Debug|Any CPU
		Release|Any CPU = Release|Any CPU
	EndGlobalSection
	GlobalSection(ProjectConfigurationPlatforms) = postSolution
		{BAFB69B4-757C-4DC3-A105-76FC06C2E86A}.Debug|Any CPU.ActiveCfg = Debug|Any CPU
		{BAFB69B4-757C-4DC3-A105-76FC06C2E86A}.Debug|Any CPU.Build.0 = Debug|Any CPU
		{BAFB69B4-757C-4DC3-A105-76FC06C2E86A}.Release|Any CPU.ActiveCfg = Release|Any CPU
		{BAFB69B4-757C-4DC3-A105-76FC06C2E86A}.Release|Any CPU.Build.0 = Release|Any CPU
	EndGlobalSection
	GlobalSection(SolutionProperties) = preSolution
		HideSolutionNode = FALSE
	EndGlobalSection
	GlobalSection(ExtensibilityGlobals) = postSolution
		SolutionGuid = {2ED34A53-DBEE-44FF-9693-77E9B77D03BA}
	EndGlobalSection
EndGlobal
